
Microsoft Visual Studio Solution File, Format Version 12.00
# Visual Studio Version 16
VisualStudioVersion = 16.0.29728.190
MinimumVisualStudioVersion = 10.0.40219.1
Project("{FAE04EC0-301F-11D3-BF4B-00C04F79EFBC}") = "WaveData", "WaveData.csproj", "{C240EE08-05FD-41C8-8F68-AFFE789FC3B3}"
EndProject
Global
	GlobalSection(SolutionConfigurationPlatforms) = preSolution
		Debug|Any CPU = Debug|Any CPU
		Release|Any CPU = Release|Any CPU
	EndGlobalSection
	GlobalSection(ProjectConfigurationPlatforms) = postSolution
		{C240EE08-05FD-41C8-8F68-AFFE789FC3B3}.Debug|Any CPU.ActiveCfg = Debug|Any CPU
		{C240EE08-05FD-41C8-8F68-AFFE789FC3B3}.Debug|Any CPU.Build.0 = Debug|Any CPU
		{C240EE08-05FD-41C8-8F68-AFFE789FC3B3}.Release|Any CPU.ActiveCfg = Release|Any CPU
		{C240EE08-05FD-41C8-8F68-AFFE789FC3B3}.Release|Any CPU.Build.0 = Release|Any CPU
	EndGlobalSection
	GlobalSection(SolutionProperties) = preSolution
		HideSolutionNode = FALSE
	EndGlobalSection
	GlobalSection(ExtensibilityGlobals) = postSolution
		SolutionGuid = {EE814B12-5373-446E-B263-03B4F54760F6}
	EndGlobalSection
EndGlobal
